
Microsoft Visual Studio Solution File, Format Version 12.00
# Visual Studio Version 16
VisualStudioVersion = 25.0.1704.2
MinimumVisualStudioVersion = 10.0.40219.1
Project("{FAE04EC0-301F-11D3-BF4B-00C04F79EFBC}") = "AWS.Device", "AWS.Device\AWS.Device.csproj", "{543FB272-58A4-4FA2-9235-D4525AA70562}"
EndProject
Project("{FAE04EC0-301F-11D3-BF4B-00C04F79EFBC}") = "AWS.Consumer", "AWS.Consumer\AWS.Consumer.csproj", "{D0434EB4-BCF7-4F30-847E-24F580A6AF5B}"
EndProject
Global
	GlobalSection(SolutionConfigurationPlatforms) = preSolution
		Debug|Any CPU = Debug|Any CPU
		Release|Any CPU = Release|Any CPU
	EndGlobalSection
	GlobalSection(ProjectConfigurationPlatforms) = postSolution
		{543FB272-58A4-4FA2-9235-D4525AA70562}.Debug|Any CPU.ActiveCfg = Debug|Any CPU
		{543FB272-58A4-4FA2-9235-D4525AA70562}.Debug|Any CPU.Build.0 = Debug|Any CPU
		{543FB272-58A4-4FA2-9235-D4525AA70562}.Release|Any CPU.ActiveCfg = Release|Any CPU
		{543FB272-58A4-4FA2-9235-D4525AA70562}.Release|Any CPU.Build.0 = Release|Any CPU
		{D0434EB4-BCF7-4F30-847E-24F580A6AF5B}.Debug|Any CPU.ActiveCfg = Debug|Any CPU
		{D0434EB4-BCF7-4F30-847E-24F580A6AF5B}.Debug|Any CPU.Build.0 = Debug|Any CPU
		{D0434EB4-BCF7-4F30-847E-24F580A6AF5B}.Release|Any CPU.ActiveCfg = Release|Any CPU
		{D0434EB4-BCF7-4F30-847E-24F580A6AF5B}.Release|Any CPU.Build.0 = Release|Any CPU
	EndGlobalSection
	GlobalSection(SolutionProperties) = preSolution
		HideSolutionNode = FALSE
	EndGlobalSection
	GlobalSection(ExtensibilityGlobals) = postSolution
		SolutionGuid = {7B7FF9DC-3638-43C6-9882-2D201B856E11}
	EndGlobalSection
EndGlobal
